<?xml version="1.0" encoding="utf-8"?>
<Project ToolsVersion="4.0" xmlns="http://schemas.microsoft.com/developer/msbuild/2003">
  <ItemGroup>
    <Filter Include="Source Files">
      <UniqueIdentifier>{25bdda70-870b-4119-9270-b3f8d536ac18}</UniqueIdentifier>
      <Extensions>cpp;c;cxx;rc;def;r;odl;idl;hpj;bat</Extensions>
    </Filter>
    <Filter Include="Header Files">
      <UniqueIdentifier>{13bca44a-44dc-4a4c-be76-25144acc9b17}</UniqueIdentifier>
      <Extensions>h;hpp;hxx;hm;inl</Extensions>
    </Filter>
    <Filter Include="Resource Files">
      <UniqueIdentifier>{d42ef65c-4308-4f1f-a106-e4015394e556}</UniqueIdentifier>
      <Extensions>ico;cur;bmp;dlg;rc2;rct;bin;cnt;rtf;gif;jpg;jpeg;jpe</Extensions>
    </Filter>
    <Filter Include="Other Files">
      <UniqueIdentifier>{8a0e22fc-f699-4619-98f9-63b21bfb4f82}</UniqueIdentifier>
    </Filter>
  </ItemGroup>
  <ItemGroup>
    <ClCompile Include="FinishPage.cpp">
      <Filter>Source Files</Filter>
    </ClCompile>
    <ClCompile Include="InputDlg.cpp">
      <Filter>Source Files</Filter>
    </ClCompile>
    <ClCompile Include="LicenseDlg.cpp">
      <Filter>Source Files</Filter>
    </ClCompile>
    <ClCompile Include="NagDialog.cpp">
      <Filter>Source Files</Filter>
    </ClCompile>
    <ClCompile Include="Page1.cpp">
      <Filter>Source Files</Filter>
    </ClCompile>
    <ClCompile Include="Page1AdvancedDlg.cpp">
      <Filter>Source Files</Filter>
    </ClCompile>
    <ClCompile Include="Page2.cpp">
      <Filter>Source Files</Filter>
    </ClCompile>
    <ClCompile Include="Page3.cpp">
      <Filter>Source Files</Filter>
    </ClCompile>
    <ClCompile Include="Page3A.cpp">
      <Filter>Source Files</Filter>
    </ClCompile>
    <ClCompile Include="Page3B.cpp">
      <Filter>Source Files</Filter>
    </ClCompile>
    <ClCompile Include="Page4.cpp">
      <Filter>Source Files</Filter>
    </ClCompile>
    <ClCompile Include="PathBrowse.cpp">
      <Filter>Source Files</Filter>
    </ClCompile>
    <ClCompile Include="RepeatButton.cpp">
      <Filter>Source Files</Filter>
    </ClCompile>
    <ClCompile Include="SetupDialog.cpp">
      <Filter>Source Files</Filter>
    </ClCompile>
    <ClCompile Include="SetupGiz.cpp">
      <Filter>Source Files</Filter>
    </ClCompile>
    <ClCompile Include="SetupGizDlg.cpp">
      <Filter>Source Files</Filter>
    </ClCompile>
    <ClCompile Include="StdAfx.cpp">
      <Filter>Source Files</Filter>
    </ClCompile>
    <ClCompile Include="DoCabFile.cpp">
      <Filter>Source Files</Filter>
    </ClCompile>
    <ClCompile Include="Page3Cert.cpp">
      <Filter>Source Files</Filter>
    </ClCompile>
  </ItemGroup>
  <ItemGroup>
    <ResourceCompile Include="SetupGiz.rc">
      <Filter>Source Files</Filter>
    </ResourceCompile>
  </ItemGroup>
  <ItemGroup>
    <ClInclude Include="FinishPage.h">
      <Filter>Header Files</Filter>
    </ClInclude>
    <ClInclude Include="InputDlg.h">
      <Filter>Header Files</Filter>
    </ClInclude>
    <ClInclude Include="LicenseDlg.h">
      <Filter>Header Files</Filter>
    </ClInclude>
    <ClInclude Include="NagDialog.h">
      <Filter>Header Files</Filter>
    </ClInclude>
    <ClInclude Include="Page1.h">
      <Filter>Header Files</Filter>
    </ClInclude>
    <ClInclude Include="Page1AdvancedDlg.h">
      <Filter>Header Files</Filter>
    </ClInclude>
    <ClInclude Include="Page2.h">
      <Filter>Header Files</Filter>
    </ClInclude>
    <ClInclude Include="Page3.h">
      <Filter>Header Files</Filter>
    </ClInclude>
    <ClInclude Include="Page3A.h">
      <Filter>Header Files</Filter>
    </ClInclude>
    <ClInclude Include="Page3B.h">
      <Filter>Header Files</Filter>
    </ClInclude>
    <ClInclude Include="Page4.h">
      <Filter>Header Files</Filter>
    </ClInclude>
    <ClInclude Include="PathBrowse.h">
      <Filter>Header Files</Filter>
    </ClInclude>
    <ClInclude Include="RepeatButton.h">
      <Filter>Header Files</Filter>
    </ClInclude>
    <ClInclude Include="Resource.h">
      <Filter>Header Files</Filter>
    </ClInclude>
    <ClInclude Include="SetupDialog.h">
      <Filter>Header Files</Filter>
    </ClInclude>
    <ClInclude Include="SetupGiz.h">
      <Filter>Header Files</Filter>
    </ClInclude>
    <ClInclude Include="SetupGizDlg.h">
      <Filter>Header Files</Filter>
    </ClInclude>
    <ClInclude Include="StdAfx.h">
      <Filter>Header Files</Filter>
    </ClInclude>
    <ClInclude Include="DoCabFile.h">
      <Filter>Header Files</Filter>
    </ClInclude>
    <ClInclude Include="Page3Cert.h">
      <Filter>Header Files</Filter>
    </ClInclude>
  </ItemGroup>
  <ItemGroup>
    <None Include="res\finish.bmp">
      <Filter>Resource Files</Filter>
    </None>
    <None Include="res\mainframe.ico">
      <Filter>Resource Files</Filter>
    </None>
    <None Include="res\SetupGiz.ico">
      <Filter>Resource Files</Filter>
    </None>
    <None Include="res\SetupGiz.rc2">
      <Filter>Resource Files</Filter>
    </None>
    <None Include="ReadMe.txt" />
    <None Include="setupgiz.rtf">
      <Filter>Resource Files</Filter>
    </None>
    <None Include="setupgiz.giz">
      <Filter>Other Files</Filter>
    </None>
    <None Include="setup_gizmo_demo.giz">
      <Filter>Other Files</Filter>
    </None>
    <None Include="copy_release.cmd">
      <Filter>Other Files</Filter>
    </None>
    <None Include="SFTInc.cer">
      <Filter>Other Files</Filter>
    </None>
    <None Include="COPYING" />
  </ItemGroup>
</Project>